// !$*UTF8*$!
{
	archiveVersion = 1;
	classes = {
	};
	objectVersion = 77;
	objects = {

/* Begin PBXContainerItemProxy section */
		87CC6A14D2BCEEEFDBFC60F9 /* PBXContainerItemProxy */ = {
			isa = PBXContainerItemProxy;
			containerPortal = F32EC48B2EB36707003A2567 /* Project object */;
			proxyType = 1;
			remoteGlobalIDString = F32EC4922EB36707003A2567;
			remoteInfo = MyTree;
		};
		F39DF1152EBCA1D1000F4362 /* PBXContainerItemProxy */ = {
			isa = PBXContainerItemProxy;
			containerPortal = F32EC48B2EB36707003A2567 /* Project object */;
			proxyType = 1;
			remoteGlobalIDString = F32EC4922EB36707003A2567;
			remoteInfo = MyTree;
		};
/* End PBXContainerItemProxy section */

/* Begin PBXFileReference section */
		F32EC4932EB36707003A2567 /* MyTree.app */ = {isa = PBXFileReference; explicitFileType = wrapper.application; includeInIndex = 0; path = MyTree.app; sourceTree = BUILT_PRODUCTS_DIR; };
		F39DF1112EBCA1D1000F4362 /* MyTreeIntegrationTests.xctest */ = {isa = PBXFileReference; explicitFileType = wrapper.cfbundle; includeInIndex = 0; path = MyTreeIntegrationTests.xctest; sourceTree = BUILT_PRODUCTS_DIR; };
		F39DF1202EBCA1D2000F4362 /* MyTreeUnitTests.xctest */ = {isa = PBXFileReference; explicitFileType = wrapper.cfbundle; includeInIndex = 0; path = MyTreeUnitTests.xctest; sourceTree = BUILT_PRODUCTS_DIR; };
/* End PBXFileReference section */

/* Begin PBXFileSystemSynchronizedRootGroup section */
		F32EC4952EB36707003A2567 /* MyTree */ = {
			isa = PBXFileSystemSynchronizedRootGroup;
			path = MyTree;
			sourceTree = "<group>";
		};
		F39DF1052EBCA162000F4362 /* MyTreeIntegrationTests */ = {
			isa = PBXFileSystemSynchronizedRootGroup;
			path = MyTreeIntegrationTests;
			sourceTree = "<group>";
		};
		F39DF1212EBCA1D2000F4362 /* MyTreeUnitTests */ = {
			isa = PBXFileSystemSynchronizedRootGroup;
			path = MyTreeUnitTests;
			sourceTree = "<group>";
		};
/* End PBXFileSystemSynchronizedRootGroup section */

/* Begin PBXFrameworksBuildPhase section */
		F32EC4902EB36707003A2567 /* Frameworks */ = {
			isa = PBXFrameworksBuildPhase;
			buildActionMask = 2147483647;
			files = (
			);
			runOnlyForDeploymentPostprocessing = 0;
		};
		F39DF10E2EBCA1D1000F4362 /* Frameworks */ = {
			isa = PBXFrameworksBuildPhase;
			buildActionMask = 2147483647;
			files = (
			);
			runOnlyForDeploymentPostprocessing = 0;
		};
		F39DF1232EBCA1D2000F4362 /* Frameworks */ = {
			isa = PBXFrameworksBuildPhase;
			buildActionMask = 2147483647;
			files = (
			);
			runOnlyForDeploymentPostprocessing = 0;
		};
/* End PBXFrameworksBuildPhase section */

/* Begin PBXGroup section */
		F32EC48A2EB36707003A2567 = {
			isa = PBXGroup;
			children = (
				F32EC4952EB36707003A2567 /* MyTree */,
				F39DF1052EBCA162000F4362 /* MyTreeIntegrationTests */,
				F39DF1212EBCA1D2000F4362 /* MyTreeUnitTests */,
				F32EC4942EB36707003A2567 /* Products */,
			);
			sourceTree = "<group>";
		};
		F32EC4942EB36707003A2567 /* Products */ = {
			isa = PBXGroup;
			children = (
				F32EC4932EB36707003A2567 /* MyTree.app */,
				F39DF1112EBCA1D1000F4362 /* MyTreeIntegrationTests.xctest */,
				F39DF1202EBCA1D2000F4362 /* MyTreeUnitTests.xctest */,
			);
			name = Products;
			sourceTree = "<group>";
		};
/* End PBXGroup section */

/* Begin PBXNativeTarget section */
		F32EC4922EB36707003A2567 /* MyTree */ = {
			isa = PBXNativeTarget;
			buildConfigurationList = F32EC49E2EB36708003A2567 /* Build configuration list for PBXNativeTarget "MyTree" */;
			buildPhases = (
				F32EC48F2EB36707003A2567 /* Sources */,
				F32EC4902EB36707003A2567 /* Frameworks */,
				F32EC4912EB36707003A2567 /* Resources */,
			);
			buildRules = (
			);
			dependencies = (
			);
			fileSystemSynchronizedGroups = (
				F32EC4952EB36707003A2567 /* MyTree */,
			);
			name = MyTree;
			packageProductDependencies = (
			);
			productName = MyTree;
			productReference = F32EC4932EB36707003A2567 /* MyTree.app */;
			productType = "com.apple.product-type.application";
		};
		F39DF1102EBCA1D1000F4362 /* MyTreeIntegrationTests */ = {
			isa = PBXNativeTarget;
			buildConfigurationList = F39DF1172EBCA1D1000F4362 /* Build configuration list for PBXNativeTarget "MyTreeIntegrationTests" */;
			buildPhases = (
				F39DF10D2EBCA1D1000F4362 /* Sources */,
				F39DF10E2EBCA1D1000F4362 /* Frameworks */,
				F39DF10F2EBCA1D1000F4362 /* Resources */,
			);
			buildRules = (
			);
			dependencies = (
				F39DF1162EBCA1D1000F4362 /* PBXTargetDependency */,
			);
			fileSystemSynchronizedGroups = (
				F39DF1052EBCA162000F4362 /* MyTreeIntegrationTests */,
			);
			name = MyTreeIntegrationTests;
			packageProductDependencies = (
			);
			productName = MyTreeIntegrationTests;
			productReference = F39DF1112EBCA1D1000F4362 /* MyTreeIntegrationTests.xctest */;
			productType = "com.apple.product-type.bundle.unit-test";
		};
		F39DF1252EBCA1D2000F4362 /* MyTreeUnitTests */ = {
			isa = PBXNativeTarget;
			buildConfigurationList = F39DF1282EBCA1D2000F4362 /* Build configuration list for PBXNativeTarget "MyTreeUnitTests" */;
			buildPhases = (
				F39DF1222EBCA1D2000F4362 /* Sources */,
				F39DF1232EBCA1D2000F4362 /* Frameworks */,
				F39DF1242EBCA1D2000F4362 /* Resources */,
			);
			buildRules = (
			);
			dependencies = (
				CA69DC562BAD9B2AFA98113F /* PBXTargetDependency */,
			);
			fileSystemSynchronizedGroups = (
				F39DF1212EBCA1D2000F4362 /* MyTreeUnitTests */,
			);
			name = MyTreeUnitTests;
			packageProductDependencies = (
			);
			productName = MyTreeUnitTests;
			productReference = F39DF1202EBCA1D2000F4362 /* MyTreeUnitTests.xctest */;
			productType = "com.apple.product-type.bundle.unit-test";
		};
/* End PBXNativeTarget section */

/* Begin PBXProject section */
		F32EC48B2EB36707003A2567 /* Project object */ = {
			isa = PBXProject;
			attributes = {
				BuildIndependentTargetsInParallel = 1;
				LastSwiftUpdateCheck = 2600;
				LastUpgradeCheck = 2600;
				TargetAttributes = {
					F32EC4922EB36707003A2567 = {
						CreatedOnToolsVersion = 26.0.1;
					};
					F39DF1102EBCA1D1000F4362 = {
						CreatedOnToolsVersion = 26.0.1;
						TestTargetID = F32EC4922EB36707003A2567;
					};
					F39DF1252EBCA1D2000F4362 = {
						CreatedOnToolsVersion = 26.0.1;
					};
				};
			};
			buildConfigurationList = F32EC48E2EB36707003A2567 /* Build configuration list for PBXProject "MyTree" */;
			developmentRegion = en;
			hasScannedForEncodings = 0;
			knownRegions = (
				en,
				Base,
			);
			mainGroup = F32EC48A2EB36707003A2567;
			minimizedProjectReferenceProxies = 1;
			preferredProjectObjectVersion = 77;
			productRefGroup = F32EC4942EB36707003A2567 /* Products */;
			projectDirPath = "";
			projectRoot = "";
			targets = (
				F32EC4922EB36707003A2567 /* MyTree */,
				F39DF1102EBCA1D1000F4362 /* MyTreeIntegrationTests */,
				F39DF1252EBCA1D2000F4362 /* MyTreeUnitTests */,
			);
		};
/* End PBXProject section */

/* Begin PBXResourcesBuildPhase section */
		F32EC4912EB36707003A2567 /* Resources */ = {
			isa = PBXResourcesBuildPhase;
			buildActionMask = 2147483647;
			files = (
			);
			runOnlyForDeploymentPostprocessing = 0;
		};
		F39DF10F2EBCA1D1000F4362 /* Resources */ = {
			isa = PBXResourcesBuildPhase;
			buildActionMask = 2147483647;
			files = (
			);
			runOnlyForDeploymentPostprocessing = 0;
		};
		F39DF1242EBCA1D2000F4362 /* Resources */ = {
			isa = PBXResourcesBuildPhase;
			buildActionMask = 2147483647;
			files = (
			);
			runOnlyForDeploymentPostprocessing = 0;
		};
/* End PBXResourcesBuildPhase section */

/* Begin PBXSourcesBuildPhase section */
		F32EC48F2EB36707003A2567 /* Sources */ = {
			isa = PBXSourcesBuildPhase;
			buildActionMask = 2147483647;
			files = (
			);
			runOnlyForDeploymentPostprocessing = 0;
		};
		F39DF10D2EBCA1D1000F4362 /* Sources */ = {
			isa = PBXSourcesBuildPhase;
			buildActionMask = 2147483647;
			files = (
			);
			runOnlyForDeploymentPostprocessing = 0;
		};
		F39DF1222EBCA1D2000F4362 /* Sources */ = {
			isa = PBXSourcesBuildPhase;
			buildActionMask = 2147483647;
			files = (
			);
			runOnlyForDeploymentPostprocessing = 0;
		};
/* End PBXSourcesBuildPhase section */

/* Begin PBXTargetDependency section */
		CA69DC562BAD9B2AFA98113F /* PBXTargetDependency */ = {
			isa = PBXTargetDependency;
			target = F32EC4922EB36707003A2567 /* MyTree */;
			targetProxy = 87CC6A14D2BCEEEFDBFC60F9 /* PBXContainerItemProxy */;
		};
		F39DF1162EBCA1D1000F4362 /* PBXTargetDependency */ = {
			isa = PBXTargetDependency;
			target = F32EC4922EB36707003A2567 /* MyTree */;
			targetProxy = F39DF1152EBCA1D1000F4362 /* PBXContainerItemProxy */;
		};
/* End PBXTargetDependency section */

/* Begin XCBuildConfiguration section */
		F32EC49C2EB36708003A2567 /* Debug */ = {
			isa = XCBuildConfiguration;
			buildSettings = {
				ALWAYS_SEARCH_USER_PATHS = NO;
				ASSETCATALOG_COMPILER_GENERATE_SWIFT_ASSET_SYMBOL_EXTENSIONS = YES;
				CLANG_ANALYZER_NONNULL = YES;
				CLANG_ANALYZER_NUMBER_OBJECT_CONVERSION = YES_AGGRESSIVE;
				CLANG_CXX_LANGUAGE_STANDARD = "gnu++20";
				CLANG_ENABLE_MODULES = YES;
				CLANG_ENABLE_OBJC_ARC = YES;
				CLANG_ENABLE_OBJC_WEAK = YES;
				CLANG_WARN_BLOCK_CAPTURE_AUTORELEASING = YES;
				CLANG_WARN_BOOL_CONVERSION = YES;
				CLANG_WARN_COMMA = YES;
				CLANG_WARN_CONSTANT_CONVERSION = YES;
				CLANG_WARN_DEPRECATED_OBJC_IMPLEMENTATIONS = YES;
				CLANG_WARN_DIRECT_OBJC_ISA_USAGE = YES_ERROR;
				CLANG_WARN_DOCUMENTATION_COMMENTS = YES;
				CLANG_WARN_EMPTY_BODY = YES;
				CLANG_WARN_ENUM_CONVERSION = YES;
				CLANG_WARN_INFINITE_RECURSION = YES;
				CLANG_WARN_INT_CONVERSION = YES;
				CLANG_WARN_NON_LITERAL_NULL_CONVERSION = YES;
				CLANG_WARN_OBJC_IMPLICIT_RETAIN_SELF = YES;
				CLANG_WARN_OBJC_LITERAL_CONVERSION = YES;
				CLANG_WARN_OBJC_ROOT_CLASS = YES_ERROR;
				CLANG_WARN_QUOTED_INCLUDE_IN_FRAMEWORK_HEADER = YES;
				CLANG_WARN_RANGE_LOOP_ANALYSIS = YES;
				CLANG_WARN_STRICT_PROTOTYPES = YES;
				CLANG_WARN_SUSPICIOUS_MOVE = YES;
				CLANG_WARN_UNGUARDED_AVAILABILITY = YES_AGGRESSIVE;
				CLANG_WARN_UNREACHABLE_CODE = YES;
				CLANG_WARN__DUPLICATE_METHOD_MATCH = YES;
				COPY_PHASE_STRIP = NO;
				DEBUG_INFORMATION_FORMAT = dwarf;
				ENABLE_STRICT_OBJC_MSGSEND = YES;
				ENABLE_TESTABILITY = YES;
				ENABLE_USER_SCRIPT_SANDBOXING = YES;
				GCC_C_LANGUAGE_STANDARD = gnu17;
				GCC_DYNAMIC_NO_PIC = NO;
				GCC_NO_COMMON_BLOCKS = YES;
				GCC_OPTIMIZATION_LEVEL = 0;
				GCC_PREPROCESSOR_DEFINITIONS = (
					"DEBUG=1",
					"$(inherited)",
				);
				GCC_WARN_64_TO_32_BIT_CONVERSION = YES;
				GCC_WARN_ABOUT_RETURN_TYPE = YES_ERROR;
				GCC_WARN_UNDECLARED_SELECTOR = YES;
				GCC_WARN_UNINITIALIZED_AUTOS = YES_AGGRESSIVE;
				GCC_WARN_UNUSED_FUNCTION = YES;
				GCC_WARN_UNUSED_VARIABLE = YES;
				LOCALIZATION_PREFERS_STRING_CATALOGS = YES;
				MTL_ENABLE_DEBUG_INFO = INCLUDE_SOURCE;
				MTL_FAST_MATH = YES;
				ONLY_ACTIVE_ARCH = YES;
				SWIFT_ACTIVE_COMPILATION_CONDITIONS = "DEBUG $(inherited)";
				SWIFT_OPTIMIZATION_LEVEL = "-Onone";
			};
			name = Debug;
		};
		F32EC49D2EB36708003A2567 /* Release */ = {
			isa = XCBuildConfiguration;
			buildSettings = {
				ALWAYS_SEARCH_USER_PATHS = NO;
				ASSETCATALOG_COMPILER_GENERATE_SWIFT_ASSET_SYMBOL_EXTENSIONS = YES;
				CLANG_ANALYZER_NONNULL = YES;
				CLANG_ANALYZER_NUMBER_OBJECT_CONVERSION = YES_AGGRESSIVE;
				CLANG_CXX_LANGUAGE_STANDARD = "gnu++20";
				CLANG_ENABLE_MODULES = YES;
				CLANG_ENABLE_OBJC_ARC = YES;
				CLANG_ENABLE_OBJC_WEAK = YES;
				CLANG_WARN_BLOCK_CAPTURE_AUTORELEASING = YES;
				CLANG_WARN_BOOL_CONVERSION = YES;
				CLANG_WARN_COMMA = YES;
				CLANG_WARN_CONSTANT_CONVERSION = YES;
				CLANG_WARN_DEPRECATED_OBJC_IMPLEMENTATIONS = YES;
				CLANG_WARN_DIRECT_OBJC_ISA_USAGE = YES_ERROR;
				CLANG_WARN_DOCUMENTATION_COMMENTS = YES;
				CLANG_WARN_EMPTY_BODY = YES;
				CLANG_WARN_ENUM_CONVERSION = YES;
				CLANG_WARN_INFINITE_RECURSION = YES;
				CLANG_WARN_INT_CONVERSION = YES;
				CLANG_WARN_NON_LITERAL_NULL_CONVERSION = YES;
				CLANG_WARN_OBJC_IMPLICIT_RETAIN_SELF = YES;
				CLANG_WARN_OBJC_LITERAL_CONVERSION = YES;
				CLANG_WARN_OBJC_ROOT_CLASS = YES_ERROR;
				CLANG_WARN_QUOTED_INCLUDE_IN_FRAMEWORK_HEADER = YES;
				CLANG_WARN_RANGE_LOOP_ANALYSIS = YES;
				CLANG_WARN_STRICT_PROTOTYPES = YES;
				CLANG_WARN_SUSPICIOUS_MOVE = YES;
				CLANG_WARN_UNGUARDED_AVAILABILITY = YES_AGGRESSIVE;
				CLANG_WARN_UNREACHABLE_CODE = YES;
				CLANG_WARN__DUPLICATE_METHOD_MATCH = YES;
				COPY_PHASE_STRIP = NO;
				DEBUG_INFORMATION_FORMAT = "dwarf-with-dsym";
				ENABLE_NS_ASSERTIONS = NO;
				ENABLE_STRICT_OBJC_MSGSEND = YES;
				ENABLE_TESTABILITY = YES;
				ENABLE_USER_SCRIPT_SANDBOXING = YES;
				GCC_C_LANGUAGE_STANDARD = gnu17;
				GCC_NO_COMMON_BLOCKS = YES;
				GCC_WARN_64_TO_32_BIT_CONVERSION = YES;
				GCC_WARN_ABOUT_RETURN_TYPE = YES_ERROR;
				GCC_WARN_UNDECLARED_SELECTOR = YES;
				GCC_WARN_UNINITIALIZED_AUTOS = YES_AGGRESSIVE;
				GCC_WARN_UNUSED_FUNCTION = YES;
				GCC_WARN_UNUSED_VARIABLE = YES;
				LOCALIZATION_PREFERS_STRING_CATALOGS = YES;
				MTL_ENABLE_DEBUG_INFO = NO;
				MTL_FAST_MATH = YES;
				SWIFT_COMPILATION_MODE = wholemodule;
			};
			name = Release;
		};
		F32EC49F2EB36708003A2567 /* Debug */ = {
			isa = XCBuildConfiguration;
			buildSettings = {
				ASSETCATALOG_COMPILER_APPICON_NAME = AppIcon;
				ASSETCATALOG_COMPILER_GLOBAL_ACCENT_COLOR_NAME = AccentColor;
				"CODE_SIGN_ENTITLEMENTS[sdk=iphone*]" = "MyTree/MyTree-iOS.entitlements";
				"CODE_SIGN_ENTITLEMENTS[sdk=macosx*]" = MyTree/MyTree.entitlements;
				CODE_SIGN_STYLE = Automatic;
				CURRENT_PROJECT_VERSION = 1;
				DEVELOPMENT_TEAM = 6P7C6T5EXQ;
				"ENABLE_APP_SANDBOX[sdk=macosx*]" = YES;
				"ENABLE_INCOMING_NETWORK_CONNECTIONS[sdk=macosx*]" = NO;
				"ENABLE_OUTGOING_NETWORK_CONNECTIONS[sdk=macosx*]" = NO;
				ENABLE_PREVIEWS = YES;
				"ENABLE_RESOURCE_ACCESS_AUDIO_INPUT[sdk=macosx*]" = NO;
				"ENABLE_RESOURCE_ACCESS_BLUETOOTH[sdk=macosx*]" = NO;
				"ENABLE_RESOURCE_ACCESS_CALENDARS[sdk=macosx*]" = NO;
				"ENABLE_RESOURCE_ACCESS_CAMERA[sdk=macosx*]" = NO;
				"ENABLE_RESOURCE_ACCESS_CONTACTS[sdk=macosx*]" = YES;
				"ENABLE_RESOURCE_ACCESS_LOCATION[sdk=macosx*]" = NO;
				"ENABLE_RESOURCE_ACCESS_PRINTING[sdk=macosx*]" = NO;
				"ENABLE_RESOURCE_ACCESS_USB[sdk=macosx*]" = NO;
				"ENABLE_USER_SELECTED_FILES[sdk=macosx*]" = readonly;
				GENERATE_INFOPLIST_FILE = YES;
				INFOPLIST_KEY_NSContactsUsageDescription = "MyTree needs access to your contacts to build and display your family tree visualization.";
				"INFOPLIST_KEY_UIApplicationSceneManifest_Generation[sdk=iphone*]" = YES;
				"INFOPLIST_KEY_UIApplicationSupportsIndirectInputEvents[sdk=iphone*]" = YES;
				"INFOPLIST_KEY_UILaunchScreen_Generation[sdk=iphone*]" = YES;
				"INFOPLIST_KEY_UISupportedInterfaceOrientations[sdk=iphone*]" = "UIInterfaceOrientationLandscapeLeft UIInterfaceOrientationLandscapeRight UIInterfaceOrientationPortrait";
				"INFOPLIST_KEY_UISupportedInterfaceOrientations_iPad[sdk=iphone*]" = "UIInterfaceOrientationLandscapeLeft UIInterfaceOrientationLandscapeRight UIInterfaceOrientationPortrait UIInterfaceOrientationPortraitUpsideDown";
				IPHONEOS_DEPLOYMENT_TARGET = 17.0;
				"LD_RUNPATH_SEARCH_PATHS[sdk=iphone*]" = "@executable_path/Frameworks";
				"LD_RUNPATH_SEARCH_PATHS[sdk=macosx*]" = "@executable_path/../Frameworks";
				MACOSX_DEPLOYMENT_TARGET = 12.0;
				MARKETING_VERSION = 1.0;
				PRODUCT_BUNDLE_IDENTIFIER = com.gauravjain.MyTree;
				PRODUCT_NAME = "$(TARGET_NAME)";
				"REGISTER_APP_GROUPS[sdk=macosx*]" = YES;
				SDKROOT = auto;
				STRING_CATALOG_GENERATE_SYMBOLS = YES;
				SUPPORTED_PLATFORMS = "macosx iphoneos iphonesimulator";
				"SUPPORTS_MACCATALYST[sdk=iphone*]" = NO;
				SWIFT_APPROACHABLE_CONCURRENCY = YES;
				SWIFT_DEFAULT_ACTOR_ISOLATION = MainActor;
				SWIFT_EMIT_LOC_STRINGS = YES;
				SWIFT_UPCOMING_FEATURE_MEMBER_IMPORT_VISIBILITY = YES;
				SWIFT_VERSION = 5.0;
				"TARGETED_DEVICE_FAMILY[sdk=iphone*]" = "1,2";
			};
			name = Debug;
		};
		F32EC4A02EB36708003A2567 /* Release */ = {
			isa = XCBuildConfiguration;
			buildSettings = {
				ASSETCATALOG_COMPILER_APPICON_NAME = AppIcon;
				ASSETCATALOG_COMPILER_GLOBAL_ACCENT_COLOR_NAME = AccentColor;
				"CODE_SIGN_ENTITLEMENTS[sdk=iphone*]" = "MyTree/MyTree-iOS.entitlements";
				"CODE_SIGN_ENTITLEMENTS[sdk=macosx*]" = MyTree/MyTree.entitlements;
				CODE_SIGN_STYLE = Automatic;
				CURRENT_PROJECT_VERSION = 1;
				DEVELOPMENT_TEAM = 6P7C6T5EXQ;
				"ENABLE_APP_SANDBOX[sdk=macosx*]" = YES;
				"ENABLE_INCOMING_NETWORK_CONNECTIONS[sdk=macosx*]" = NO;
				"ENABLE_OUTGOING_NETWORK_CONNECTIONS[sdk=macosx*]" = NO;
				ENABLE_PREVIEWS = YES;
				"ENABLE_RESOURCE_ACCESS_AUDIO_INPUT[sdk=macosx*]" = NO;
				"ENABLE_RESOURCE_ACCESS_BLUETOOTH[sdk=macosx*]" = NO;
				"ENABLE_RESOURCE_ACCESS_CALENDARS[sdk=macosx*]" = NO;
				"ENABLE_RESOURCE_ACCESS_CAMERA[sdk=macosx*]" = NO;
				"ENABLE_RESOURCE_ACCESS_CONTACTS[sdk=macosx*]" = YES;
				"ENABLE_RESOURCE_ACCESS_LOCATION[sdk=macosx*]" = NO;
				"ENABLE_RESOURCE_ACCESS_PRINTING[sdk=macosx*]" = NO;
				"ENABLE_RESOURCE_ACCESS_USB[sdk=macosx*]" = NO;
				"ENABLE_USER_SELECTED_FILES[sdk=macosx*]" = readonly;
				GENERATE_INFOPLIST_FILE = YES;
				INFOPLIST_KEY_NSContactsUsageDescription = "MyTree needs access to your contacts to build and display your family tree visualization.";
				"INFOPLIST_KEY_UIApplicationSceneManifest_Generation[sdk=iphone*]" = YES;
				"INFOPLIST_KEY_UIApplicationSupportsIndirectInputEvents[sdk=iphone*]" = YES;
				"INFOPLIST_KEY_UILaunchScreen_Generation[sdk=iphone*]" = YES;
				"INFOPLIST_KEY_UISupportedInterfaceOrientations[sdk=iphone*]" = "UIInterfaceOrientationLandscapeLeft UIInterfaceOrientationLandscapeRight UIInterfaceOrientationPortrait";
				"INFOPLIST_KEY_UISupportedInterfaceOrientations_iPad[sdk=iphone*]" = "UIInterfaceOrientationLandscapeLeft UIInterfaceOrientationLandscapeRight UIInterfaceOrientationPortrait UIInterfaceOrientationPortraitUpsideDown";
				IPHONEOS_DEPLOYMENT_TARGET = 17.0;
				"LD_RUNPATH_SEARCH_PATHS[sdk=iphone*]" = "@executable_path/Frameworks";
				"LD_RUNPATH_SEARCH_PATHS[sdk=macosx*]" = "@executable_path/../Frameworks";
				MACOSX_DEPLOYMENT_TARGET = 12.0;
				MARKETING_VERSION = 1.0;
				PRODUCT_BUNDLE_IDENTIFIER = com.gauravjain.MyTree;
				PRODUCT_NAME = "$(TARGET_NAME)";
				"REGISTER_APP_GROUPS[sdk=macosx*]" = YES;
				SDKROOT = auto;
				STRING_CATALOG_GENERATE_SYMBOLS = YES;
				SUPPORTED_PLATFORMS = "macosx iphoneos iphonesimulator";
				"SUPPORTS_MACCATALYST[sdk=iphone*]" = NO;
				SWIFT_APPROACHABLE_CONCURRENCY = YES;
				SWIFT_DEFAULT_ACTOR_ISOLATION = MainActor;
				SWIFT_EMIT_LOC_STRINGS = YES;
				SWIFT_UPCOMING_FEATURE_MEMBER_IMPORT_VISIBILITY = YES;
				SWIFT_VERSION = 5.0;
				"TARGETED_DEVICE_FAMILY[sdk=iphone*]" = "1,2";
			};
			name = Release;
		};
		F39DF1182EBCA1D1000F4362 /* Debug */ = {
			isa = XCBuildConfiguration;
			buildSettings = {
				BUNDLE_LOADER = "$(TEST_HOST)";
				"CODE_SIGN_IDENTITY[sdk=macosx*]" = "-";
				CODE_SIGN_STYLE = Automatic;
				CURRENT_PROJECT_VERSION = 1;
				DEVELOPMENT_TEAM = "";
				GENERATE_INFOPLIST_FILE = YES;
				MACOSX_DEPLOYMENT_TARGET = 12.0;
				MARKETING_VERSION = 1.0;
				PRODUCT_BUNDLE_IDENTIFIER = com.gauravjain.MyTreeIntegrationTests;
				PRODUCT_NAME = "$(TARGET_NAME)";
				SDKROOT = macosx;
				STRING_CATALOG_GENERATE_SYMBOLS = NO;
				SWIFT_APPROACHABLE_CONCURRENCY = YES;
				SWIFT_EMIT_LOC_STRINGS = NO;
				SWIFT_UPCOMING_FEATURE_MEMBER_IMPORT_VISIBILITY = YES;
				SWIFT_VERSION = 5.0;
				TEST_HOST = "$(BUILT_PRODUCTS_DIR)/MyTree.app/$(BUNDLE_EXECUTABLE_FOLDER_PATH)/MyTree";
			};
			name = Debug;
		};
		F39DF1192EBCA1D1000F4362 /* Release */ = {
			isa = XCBuildConfiguration;
			buildSettings = {
				BUNDLE_LOADER = "$(TEST_HOST)";
				"CODE_SIGN_IDENTITY[sdk=macosx*]" = "-";
				CODE_SIGN_STYLE = Automatic;
				CURRENT_PROJECT_VERSION = 1;
				DEVELOPMENT_TEAM = "";
				GENERATE_INFOPLIST_FILE = YES;
				MACOSX_DEPLOYMENT_TARGET = 12.0;
				MARKETING_VERSION = 1.0;
				PRODUCT_BUNDLE_IDENTIFIER = com.gauravjain.MyTreeIntegrationTests;
				PRODUCT_NAME = "$(TARGET_NAME)";
				SDKROOT = macosx;
				STRING_CATALOG_GENERATE_SYMBOLS = NO;
				SWIFT_APPROACHABLE_CONCURRENCY = YES;
				SWIFT_EMIT_LOC_STRINGS = NO;
				SWIFT_UPCOMING_FEATURE_MEMBER_IMPORT_VISIBILITY = YES;
				SWIFT_VERSION = 5.0;
				TEST_HOST = "$(BUILT_PRODUCTS_DIR)/MyTree.app/$(BUNDLE_EXECUTABLE_FOLDER_PATH)/MyTree";
			};
			name = Release;
		};
		F39DF1262EBCA1D2000F4362 /* Debug */ = {
			isa = XCBuildConfiguration;
			buildSettings = {
				BUNDLE_LOADER = "$(TEST_HOST)";
				"CODE_SIGN_IDENTITY[sdk=macosx*]" = "-";
				CODE_SIGN_STYLE = Automatic;
				CURRENT_PROJECT_VERSION = 1;
				DEVELOPMENT_TEAM = "";
				GENERATE_INFOPLIST_FILE = YES;
				MACOSX_DEPLOYMENT_TARGET = 12.0;
				MARKETING_VERSION = 1.0;
				PRODUCT_BUNDLE_IDENTIFIER = com.gauravjain.MyTreeUnitTests;
				PRODUCT_NAME = "$(TARGET_NAME)";
				SDKROOT = macosx;
				STRING_CATALOG_GENERATE_SYMBOLS = NO;
				SWIFT_APPROACHABLE_CONCURRENCY = YES;
				SWIFT_EMIT_LOC_STRINGS = NO;
				SWIFT_UPCOMING_FEATURE_MEMBER_IMPORT_VISIBILITY = YES;
				SWIFT_VERSION = 5.0;
				TEST_HOST = "$(BUILT_PRODUCTS_DIR)/MyTree.app/$(BUNDLE_EXECUTABLE_FOLDER_PATH)/MyTree";
			};
			name = Debug;
		};
		F39DF1272EBCA1D2000F4362 /* Release */ = {
			isa = XCBuildConfiguration;
			buildSettings = {
				BUNDLE_LOADER = "$(TEST_HOST)";
				"CODE_SIGN_IDENTITY[sdk=macosx*]" = "-";
				CODE_SIGN_STYLE = Automatic;
				CURRENT_PROJECT_VERSION = 1;
				DEVELOPMENT_TEAM = "";
				GENERATE_INFOPLIST_FILE = YES;
				MACOSX_DEPLOYMENT_TARGET = 12.0;
				MARKETING_VERSION = 1.0;
				PRODUCT_BUNDLE_IDENTIFIER = com.gauravjain.MyTreeUnitTests;
				PRODUCT_NAME = "$(TARGET_NAME)";
				SDKROOT = macosx;
				STRING_CATALOG_GENERATE_SYMBOLS = NO;
				SWIFT_APPROACHABLE_CONCURRENCY = YES;
				SWIFT_EMIT_LOC_STRINGS = NO;
				SWIFT_UPCOMING_FEATURE_MEMBER_IMPORT_VISIBILITY = YES;
				SWIFT_VERSION = 5.0;
				TEST_HOST = "$(BUILT_PRODUCTS_DIR)/MyTree.app/$(BUNDLE_EXECUTABLE_FOLDER_PATH)/MyTree";
			};
			name = Release;
		};
/* End XCBuildConfiguration section */

/* Begin XCConfigurationList section */
		F32EC48E2EB36707003A2567 /* Build configuration list for PBXProject "MyTree" */ = {
			isa = XCConfigurationList;
			buildConfigurations = (
				F32EC49C2EB36708003A2567 /* Debug */,
				F32EC49D2EB36708003A2567 /* Release */,
			);
			defaultConfigurationIsVisible = 0;
			defaultConfigurationName = Release;
		};
		F32EC49E2EB36708003A2567 /* Build configuration list for PBXNativeTarget "MyTree" */ = {
			isa = XCConfigurationList;
			buildConfigurations = (
				F32EC49F2EB36708003A2567 /* Debug */,
				F32EC4A02EB36708003A2567 /* Release */,
			);
			defaultConfigurationIsVisible = 0;
			defaultConfigurationName = Release;
		};
		F39DF1172EBCA1D1000F4362 /* Build configuration list for PBXNativeTarget "MyTreeIntegrationTests" */ = {
			isa = XCConfigurationList;
			buildConfigurations = (
				F39DF1182EBCA1D1000F4362 /* Debug */,
				F39DF1192EBCA1D1000F4362 /* Release */,
			);
			defaultConfigurationIsVisible = 0;
			defaultConfigurationName = Release;
		};
		F39DF1282EBCA1D2000F4362 /* Build configuration list for PBXNativeTarget "MyTreeUnitTests" */ = {
			isa = XCConfigurationList;
			buildConfigurations = (
				F39DF1262EBCA1D2000F4362 /* Debug */,
				F39DF1272EBCA1D2000F4362 /* Release */,
			);
			defaultConfigurationIsVisible = 0;
			defaultConfigurationName = Release;
		};
/* End XCConfigurationList section */
	};
	rootObject = F32EC48B2EB36707003A2567 /* Project object */;
}
